
Microsoft Visual Studio Solution File, Format Version 12.00
# Visual Studio Version 16
VisualStudioVersion = 16.0.31515.178
MinimumVisualStudioVersion = 10.0.40219.1
Project("{FAE04EC0-301F-11D3-BF4B-00C04F79EFBC}") = "CRUD.Api", "CRUD.Api\CRUD.Api.csproj", "{9201D4EE-4E1F-4473-A6DF-9CE2E229FF6C}"
EndProject
Global
	GlobalSection(SolutionConfigurationPlatforms) = preSolution
		Debug|Any CPU = Debug|Any CPU
		Release|Any CPU = Release|Any CPU
	EndGlobalSection
	GlobalSection(ProjectConfigurationPlatforms) = postSolution
		{9201D4EE-4E1F-4473-A6DF-9CE2E229FF6C}.Debug|Any CPU.ActiveCfg = Debug|Any CPU
		{9201D4EE-4E1F-4473-A6DF-9CE2E229FF6C}.Debug|Any CPU.Build.0 = Debug|Any CPU
		{9201D4EE-4E1F-4473-A6DF-9CE2E229FF6C}.Release|Any CPU.ActiveCfg = Release|Any CPU
		{9201D4EE-4E1F-4473-A6DF-9CE2E229FF6C}.Release|Any CPU.Build.0 = Release|Any CPU
	EndGlobalSection
	GlobalSection(SolutionProperties) = preSolution
		HideSolutionNode = FALSE
	EndGlobalSection
	GlobalSection(ExtensibilityGlobals) = postSolution
		SolutionGuid = {C318F4C2-0520-4967-A5A8-33ABD4988743}
	EndGlobalSection
EndGlobal
